
Microsoft Visual Studio Solution File, Format Version 12.00
# Visual Studio Version 17
VisualStudioVersion = 17.7.34221.43
MinimumVisualStudioVersion = 10.0.40219.1
Project("{FAE04EC0-301F-11D3-BF4B-00C04F79EFBC}") = "WpCShpRpg", "WpCShpRpg.csproj", "{869DBE03-53A7-4831-A047-539C22DC5FD7}"
EndProject
Global
	GlobalSection(SolutionConfigurationPlatforms) = preSolution
		Debug|Any CPU = Debug|Any CPU
		Release|Any CPU = Release|Any CPU
	EndGlobalSection
	GlobalSection(ProjectConfigurationPlatforms) = postSolution
		{869DBE03-53A7-4831-A047-539C22DC5FD7}.Debug|Any CPU.ActiveCfg = Debug|Any CPU
		{869DBE03-53A7-4831-A047-539C22DC5FD7}.Debug|Any CPU.Build.0 = Debug|Any CPU
		{869DBE03-53A7-4831-A047-539C22DC5FD7}.Release|Any CPU.ActiveCfg = Release|Any CPU
		{869DBE03-53A7-4831-A047-539C22DC5FD7}.Release|Any CPU.Build.0 = Release|Any CPU
	EndGlobalSection
	GlobalSection(SolutionProperties) = preSolution
		HideSolutionNode = FALSE
	EndGlobalSection
	GlobalSection(ExtensibilityGlobals) = postSolution
		SolutionGuid = {05C5CA0D-6186-4353-8747-B7A658388E0A}
	EndGlobalSection
EndGlobal
