
Microsoft Visual Studio Solution File, Format Version 12.00
# Visual Studio Version 17
VisualStudioVersion = 17.7.34221.43
MinimumVisualStudioVersion = 10.0.40219.1
Project("{9A19103F-16F7-4668-BE54-9A1E7A4F7556}") = "WpCShpRpg", "WpCShpRpg.csproj", "{869DBE03-53A7-4831-A047-539C22DC5FD7}"
EndProject
Project("{9A19103F-16F7-4668-BE54-9A1E7A4F7556}") = "CoreApi", "..\CoreApi\CoreApi.csproj", "{A32FCADE-987B-4726-BD67-BE068CB707F8}"
EndProject
Project("{9A19103F-16F7-4668-BE54-9A1E7A4F7556}") = "Skill_DamagePlus", "..\Skills\Skill_DamagePlus.csproj", "{758EFFE0-E7C6-4B17-AE51-05E9802001E8}"
EndProject
Global
	GlobalSection(SolutionConfigurationPlatforms) = preSolution
		Debug|Any CPU = Debug|Any CPU
		Release|Any CPU = Release|Any CPU
	EndGlobalSection
	GlobalSection(ProjectConfigurationPlatforms) = postSolution
		{869DBE03-53A7-4831-A047-539C22DC5FD7}.Debug|Any CPU.ActiveCfg = Debug|Any CPU
		{869DBE03-53A7-4831-A047-539C22DC5FD7}.Debug|Any CPU.Build.0 = Debug|Any CPU
		{869DBE03-53A7-4831-A047-539C22DC5FD7}.Release|Any CPU.ActiveCfg = Release|Any CPU
		{869DBE03-53A7-4831-A047-539C22DC5FD7}.Release|Any CPU.Build.0 = Release|Any CPU
		{A32FCADE-987B-4726-BD67-BE068CB707F8}.Debug|Any CPU.ActiveCfg = Debug|Any CPU
		{A32FCADE-987B-4726-BD67-BE068CB707F8}.Debug|Any CPU.Build.0 = Debug|Any CPU
		{A32FCADE-987B-4726-BD67-BE068CB707F8}.Release|Any CPU.ActiveCfg = Release|Any CPU
		{A32FCADE-987B-4726-BD67-BE068CB707F8}.Release|Any CPU.Build.0 = Release|Any CPU
		{758EFFE0-E7C6-4B17-AE51-05E9802001E8}.Debug|Any CPU.ActiveCfg = Debug|Any CPU
		{758EFFE0-E7C6-4B17-AE51-05E9802001E8}.Debug|Any CPU.Build.0 = Debug|Any CPU
		{758EFFE0-E7C6-4B17-AE51-05E9802001E8}.Release|Any CPU.ActiveCfg = Release|Any CPU
		{758EFFE0-E7C6-4B17-AE51-05E9802001E8}.Release|Any CPU.Build.0 = Release|Any CPU
	EndGlobalSection
	GlobalSection(SolutionProperties) = preSolution
		HideSolutionNode = FALSE
	EndGlobalSection
	GlobalSection(ExtensibilityGlobals) = postSolution
		SolutionGuid = {05C5CA0D-6186-4353-8747-B7A658388E0A}
	EndGlobalSection
EndGlobal
